<?xml version="1.0" encoding="utf-8"?>
<Project ToolsVersion="4.0" xmlns="http://schemas.microsoft.com/developer/msbuild/2003">
  <ItemGroup>
    <Filter Include="ソース ファイル">
      <UniqueIdentifier>{4FC737F1-C7A5-4376-A066-2A32D752A2FF}</UniqueIdentifier>
      <Extensions>cpp;c;cc;cxx;def;odl;idl;hpj;bat;asm;asmx</Extensions>
    </Filter>
    <Filter Include="ヘッダー ファイル">
      <UniqueIdentifier>{93995380-89BD-4b04-88EB-625FBE52EBFB}</UniqueIdentifier>
      <Extensions>h;hh;hpp;hxx;hm;inl;inc;xsd</Extensions>
    </Filter>
    <Filter Include="リソース ファイル">
      <UniqueIdentifier>{67DA6AB6-F800-4c08-8B7A-83BB121AAD01}</UniqueIdentifier>
      <Extensions>rc;ico;cur;bmp;dlg;rc2;rct;bin;rgs;gif;jpg;jpeg;jpe;resx;tiff;tif;png;wav;mfcribbon-ms</Extensions>
    </Filter>
    <Filter Include="プリコンパイル済みヘッダー">
      <UniqueIdentifier>{9dd98c22-ec97-453c-aebd-bce01059ad3c}</UniqueIdentifier>
    </Filter>
    <Filter Include="Sequence">
      <UniqueIdentifier>{c30e9705-345c-4735-a14e-0316d9e9b672}</UniqueIdentifier>
    </Filter>
    <Filter Include="Sequence\Contest">
      <UniqueIdentifier>{92ec4d42-cc0a-452c-8d84-ca7c66e763cb}</UniqueIdentifier>
    </Filter>
    <Filter Include="Data">
      <UniqueIdentifier>{c69345b0-fc8b-4824-a35e-bb88a7121108}</UniqueIdentifier>
    </Filter>
    <Filter Include="Key">
      <UniqueIdentifier>{878c9465-be4a-406f-99fd-6c9da069cb0b}</UniqueIdentifier>
    </Filter>
    <Filter Include="Mouse">
      <UniqueIdentifier>{5a20328f-78f6-4ac7-b920-6dc449d95d5b}</UniqueIdentifier>
    </Filter>
    <Filter Include="test">
      <UniqueIdentifier>{6d6085a5-f87e-401b-b221-8304665b1246}</UniqueIdentifier>
    </Filter>
    <Filter Include="Sequence\Option">
      <UniqueIdentifier>{187d70ed-7d0c-4986-a72e-576e8d5912f7}</UniqueIdentifier>
    </Filter>
    <Filter Include="button">
      <UniqueIdentifier>{cd90bd75-f0b6-48bc-9818-9364e2cb42a4}</UniqueIdentifier>
    </Filter>
    <Filter Include="ScrollBar">
      <UniqueIdentifier>{9b41938d-1b5c-4f47-bd7e-561b7f76d328}</UniqueIdentifier>
    </Filter>
    <Filter Include="Sequence\Show_Score">
      <UniqueIdentifier>{5a50630f-a437-4ef5-8c46-f6ed0ff55302}</UniqueIdentifier>
    </Filter>
    <Filter Include="popup">
      <UniqueIdentifier>{39a32ff7-e1f0-41b2-a39e-9fe7ee76891b}</UniqueIdentifier>
    </Filter>
    <Filter Include="Sequence\Score_detail">
      <UniqueIdentifier>{bba4f5f1-5166-4c26-800e-8418949747ec}</UniqueIdentifier>
    </Filter>
    <Filter Include="Data\Script">
      <UniqueIdentifier>{22aefb7b-d8d7-46fa-a0de-cf30005ee18e}</UniqueIdentifier>
    </Filter>
    <Filter Include="SetClipboardText">
      <UniqueIdentifier>{77a65026-6674-4887-a9f3-81cde0d94fcc}</UniqueIdentifier>
    </Filter>
    <Filter Include="OpenFolder">
      <UniqueIdentifier>{1e715982-bb71-4d71-8732-7d512e2705a9}</UniqueIdentifier>
    </Filter>
  </ItemGroup>
  <ItemGroup>
    <ClInclude Include="stdafx.h">
      <Filter>プリコンパイル済みヘッダー</Filter>
    </ClInclude>
    <ClInclude Include="resource.h">
      <Filter>ヘッダー ファイル</Filter>
    </ClInclude>
    <ClInclude Include="Sequence.h">
      <Filter>Sequence</Filter>
    </ClInclude>
    <ClInclude Include="Contest.h">
      <Filter>Sequence\Contest</Filter>
    </ClInclude>
    <ClInclude Include="useful_func_and_class.h">
      <Filter>ヘッダー ファイル</Filter>
    </ClInclude>
    <ClInclude Include="FormatToString.h">
      <Filter>ヘッダー ファイル</Filter>
    </ClInclude>
    <ClInclude Include="Data.h">
      <Filter>Data</Filter>
    </ClInclude>
    <ClInclude Include="KeyInputData.h">
      <Filter>Key</Filter>
    </ClInclude>
    <ClInclude Include="Mouse.h">
      <Filter>Mouse</Filter>
    </ClInclude>
    <ClInclude Include="test.h">
      <Filter>test</Filter>
    </ClInclude>
    <ClInclude Include="Option.h">
      <Filter>Sequence\Option</Filter>
    </ClInclude>
    <ClInclude Include="other_usefuls.h">
      <Filter>ヘッダー ファイル</Filter>
    </ClInclude>
    <ClInclude Include="button.h">
      <Filter>button</Filter>
    </ClInclude>
    <ClInclude Include="SetLocale.h">
      <Filter>ヘッダー ファイル</Filter>
    </ClInclude>
    <ClInclude Include="ScrollBar.h">
      <Filter>ScrollBar</Filter>
    </ClInclude>
    <ClInclude Include="fps.h">
      <Filter>ヘッダー ファイル</Filter>
    </ClInclude>
    <ClInclude Include="GetNumfileNum.h">
      <Filter>ヘッダー ファイル</Filter>
    </ClInclude>
    <ClInclude Include="common.h">
      <Filter>Sequence</Filter>
    </ClInclude>
    <ClInclude Include="Show_Score.h">
      <Filter>Sequence\Show_Score</Filter>
    </ClInclude>
    <ClInclude Include="ScrollBar2.h">
      <Filter>ScrollBar</Filter>
    </ClInclude>
    <ClInclude Include="Unsafe_My_func.h">
      <Filter>ヘッダー ファイル</Filter>
    </ClInclude>
    <ClInclude Include="SubmissionLog.h">
      <Filter>Data</Filter>
    </ClInclude>
    <ClInclude Include="popup.h">
      <Filter>popup</Filter>
    </ClInclude>
    <ClInclude Include="Score_detail.h">
      <Filter>Sequence\Score_detail</Filter>
    </ClInclude>
    <ClInclude Include="Script.h">
      <Filter>Data\Script</Filter>
    </ClInclude>
    <ClInclude Include="My_GetWindowSize.h">
      <Filter>ヘッダー ファイル</Filter>
    </ClInclude>
    <ClInclude Include="WaitJudge.h">
      <Filter>Data</Filter>
    </ClInclude>
    <ClInclude Include="SetClipboardText.h">
      <Filter>SetClipboardText</Filter>
    </ClInclude>
    <ClInclude Include="OpenFolder.h">
      <Filter>OpenFolder</Filter>
    </ClInclude>
  </ItemGroup>
  <ItemGroup>
    <ClCompile Include="main.cpp">
      <Filter>ソース ファイル</Filter>
    </ClCompile>
    <ClCompile Include="stdafx.cpp">
      <Filter>プリコンパイル済みヘッダー</Filter>
    </ClCompile>
    <ClCompile Include="Contest.cpp">
      <Filter>Sequence\Contest</Filter>
    </ClCompile>
    <ClCompile Include="Data.cpp">
      <Filter>Data</Filter>
    </ClCompile>
    <ClCompile Include="KeyInputData.cpp">
      <Filter>Key</Filter>
    </ClCompile>
    <ClCompile Include="sample_combuchat.cpp">
      <Filter>ソース ファイル</Filter>
    </ClCompile>
    <ClCompile Include="Mouse.cpp">
      <Filter>Mouse</Filter>
    </ClCompile>
    <ClCompile Include="test.cpp">
      <Filter>test</Filter>
    </ClCompile>
    <ClCompile Include="Option.cpp">
      <Filter>Sequence\Option</Filter>
    </ClCompile>
    <ClCompile Include="button.cpp">
      <Filter>button</Filter>
    </ClCompile>
    <ClCompile Include="ScrollBar.cpp">
      <Filter>ScrollBar</Filter>
    </ClCompile>
    <ClCompile Include="Show_Score.cpp">
      <Filter>Sequence\Show_Score</Filter>
    </ClCompile>
    <ClCompile Include="common.cpp">
      <Filter>Sequence</Filter>
    </ClCompile>
    <ClCompile Include="ScrollBar2.cpp">
      <Filter>ScrollBar</Filter>
    </ClCompile>
    <ClCompile Include="SubmissionLog.cpp">
      <Filter>Data</Filter>
    </ClCompile>
    <ClCompile Include="popup.cpp">
      <Filter>popup</Filter>
    </ClCompile>
    <ClCompile Include="Script.cpp">
      <Filter>Data\Script</Filter>
    </ClCompile>
    <ClCompile Include="Score_detail.cpp">
      <Filter>Sequence\Score_detail</Filter>
    </ClCompile>
    <ClCompile Include="SetClipboardText.cpp">
      <Filter>SetClipboardText</Filter>
    </ClCompile>
    <ClCompile Include="OpenFolder.cpp">
      <Filter>OpenFolder</Filter>
    </ClCompile>
  </ItemGroup>
  <ItemGroup>
    <ResourceCompile Include="GameProgKonbu.rc">
      <Filter>リソース ファイル</Filter>
    </ResourceCompile>
  </ItemGroup>
  <ItemGroup>
    <Image Include="GameProgKonbu.ico">
      <Filter>リソース ファイル</Filter>
    </Image>
  </ItemGroup>
</Project>